
Microsoft Visual Studio Solution File, Format Version 12.00
# Visual Studio Version 16
VisualStudioVersion = 16.0.30225.117
MinimumVisualStudioVersion = 10.0.40219.1
Project("{FAE04EC0-301F-11D3-BF4B-00C04F79EFBC}") = "NGRPrisonAPI", "NGRPrisonAPI\NGRPrisonAPI.csproj", "{BA5DF0F8-7110-488C-8EF4-F87001FCC515}"
EndProject
Global
	GlobalSection(SolutionConfigurationPlatforms) = preSolution
		Debug|Any CPU = Debug|Any CPU
		Release|Any CPU = Release|Any CPU
	EndGlobalSection
	GlobalSection(ProjectConfigurationPlatforms) = postSolution
		{BA5DF0F8-7110-488C-8EF4-F87001FCC515}.Debug|Any CPU.ActiveCfg = Debug|Any CPU
		{BA5DF0F8-7110-488C-8EF4-F87001FCC515}.Debug|Any CPU.Build.0 = Debug|Any CPU
		{BA5DF0F8-7110-488C-8EF4-F87001FCC515}.Release|Any CPU.ActiveCfg = Release|Any CPU
		{BA5DF0F8-7110-488C-8EF4-F87001FCC515}.Release|Any CPU.Build.0 = Release|Any CPU
	EndGlobalSection
	GlobalSection(SolutionProperties) = preSolution
		HideSolutionNode = FALSE
	EndGlobalSection
	GlobalSection(ExtensibilityGlobals) = postSolution
		SolutionGuid = {DA1AE2AE-6570-43AF-8E49-2813B478BC0C}
	EndGlobalSection
EndGlobal
